{
  "requires": true,
  "lockfileVersion": 1,
  "dependencies": {
    "mainloop.js": {
      "version": "1.0.4",
      "resolved": "https://registry.npmjs.org/mainloop.js/-/mainloop.js-1.0.4.tgz",
      "integrity": "sha1-TMPx56V+SnGN45eISlkGPEKRPoc="
    },
    "mini5-engine": {
      "version": "1.0.1",
      "resolved": "https://registry.npmjs.org/mini5-engine/-/mini5-engine-1.0.1.tgz",
      "integrity": "sha512-PQL9UVPEENjqm3u7aC5B8yMQZeK3+yx2P3RDPoANyNlI6dsk9isqPB7L8zllSlKop1J0faGAiOYqgHeaBmH0bA==",
      "requires": {
        "mainloop.js": "^1.0.4"
      }
    }
  }
}
